
Microsoft Visual Studio Solution File, Format Version 12.00
# Visual Studio Version 16
VisualStudioVersion = 16.0.31019.194
MinimumVisualStudioVersion = 10.0.40219.1
Project("{2150E333-8FDC-42A3-9474-1A3956D46DE8}") = "Solution Items", "Solution Items", "{A25D2E4F-EE32-437C-83CD-64B0ABE57F2B}"
	ProjectSection(SolutionItems) = preProject
		.dockerignore = .dockerignore
		.gitignore = .gitignore
		docker-compose.yaml = docker-compose.yaml
		README.md = README.md
	EndProjectSection
EndProject
Project("{2150E333-8FDC-42A3-9474-1A3956D46DE8}") = "src", "src", "{48DA9D08-4F5A-4CE6-A836-FC1D41A46B54}"
EndProject
Project("{9A19103F-16F7-4668-BE54-9A1E7A4F7556}") = "WebAppEF", "src\WebAppEF\WebAppEF.csproj", "{2249A338-B2D6-4AB7-A86C-E9E6E90ED704}"
EndProject
Project("{FAE04EC0-301F-11D3-BF4B-00C04F79EFBC}") = "WebAppSP", "src\WebAppSP\WebAppSP.csproj", "{DDFA2947-A1EE-433C-975A-A04916F51F73}"
EndProject
Global
	GlobalSection(SolutionConfigurationPlatforms) = preSolution
		Debug|Any CPU = Debug|Any CPU
		Release|Any CPU = Release|Any CPU
	EndGlobalSection
	GlobalSection(ProjectConfigurationPlatforms) = postSolution
		{2249A338-B2D6-4AB7-A86C-E9E6E90ED704}.Debug|Any CPU.ActiveCfg = Debug|Any CPU
		{2249A338-B2D6-4AB7-A86C-E9E6E90ED704}.Debug|Any CPU.Build.0 = Debug|Any CPU
		{2249A338-B2D6-4AB7-A86C-E9E6E90ED704}.Release|Any CPU.ActiveCfg = Release|Any CPU
		{2249A338-B2D6-4AB7-A86C-E9E6E90ED704}.Release|Any CPU.Build.0 = Release|Any CPU
		{DDFA2947-A1EE-433C-975A-A04916F51F73}.Debug|Any CPU.ActiveCfg = Debug|Any CPU
		{DDFA2947-A1EE-433C-975A-A04916F51F73}.Debug|Any CPU.Build.0 = Debug|Any CPU
		{DDFA2947-A1EE-433C-975A-A04916F51F73}.Release|Any CPU.ActiveCfg = Release|Any CPU
		{DDFA2947-A1EE-433C-975A-A04916F51F73}.Release|Any CPU.Build.0 = Release|Any CPU
	EndGlobalSection
	GlobalSection(SolutionProperties) = preSolution
		HideSolutionNode = FALSE
	EndGlobalSection
	GlobalSection(NestedProjects) = preSolution
		{2249A338-B2D6-4AB7-A86C-E9E6E90ED704} = {48DA9D08-4F5A-4CE6-A836-FC1D41A46B54}
		{DDFA2947-A1EE-433C-975A-A04916F51F73} = {48DA9D08-4F5A-4CE6-A836-FC1D41A46B54}
	EndGlobalSection
	GlobalSection(ExtensibilityGlobals) = postSolution
		SolutionGuid = {E843773E-4A69-49C2-A349-026E9B5F5C9B}
	EndGlobalSection
EndGlobal
